<?xml version="1.0" encoding="utf-8"?>
<Project ToolsVersion="4.0" xmlns="http://schemas.microsoft.com/developer/msbuild/2003">
  <ItemGroup>
    <Filter Include="Source Files">
      <UniqueIdentifier>{4FC737F1-C7A5-4376-A066-2A32D752A2FF}</UniqueIdentifier>
      <Extensions>cpp;c;cc;cxx;def;odl;idl;hpj;bat;asm;asmx</Extensions>
    </Filter>
    <Filter Include="Header Files">
      <UniqueIdentifier>{93995380-89BD-4b04-88EB-625FBE52EBFB}</UniqueIdentifier>
      <Extensions>h;hh;hpp;hxx;hm;inl;inc;xsd</Extensions>
    </Filter>
    <Filter Include="Resource Files">
      <UniqueIdentifier>{67DA6AB6-F800-4c08-8B7A-83BB121AAD01}</UniqueIdentifier>
      <Extensions>rc;ico;cur;bmp;dlg;rc2;rct;bin;rgs;gif;jpg;jpeg;jpe;resx;tiff;tif;png;wav;mfcribbon-ms</Extensions>
    </Filter>
    <Filter Include="Header Files\Camera">
      <UniqueIdentifier>{9521c21e-317e-4f3c-801e-9889043c7205}</UniqueIdentifier>
    </Filter>
    <Filter Include="Source Files\Camera">
      <UniqueIdentifier>{6959b995-53e4-4f53-be89-2aecc1456165}</UniqueIdentifier>
    </Filter>
    <Filter Include="Header Files\Rendering Geometry">
      <UniqueIdentifier>{5e6ee34d-e520-4eda-b0e5-dc972bfe41e2}</UniqueIdentifier>
    </Filter>
    <Filter Include="Source Files\Rendering Geometry">
      <UniqueIdentifier>{3962545d-77fd-47c1-aae7-6b59c45ff2c7}</UniqueIdentifier>
    </Filter>
    <Filter Include="Lighting">
      <UniqueIdentifier>{30aa1125-ea6b-4ea5-ba4c-b78f8c2fb522}</UniqueIdentifier>
    </Filter>
    <Filter Include="Source Files\Lighting">
      <UniqueIdentifier>{c06264d4-32a6-4c8e-9e37-c1ab9b6116ee}</UniqueIdentifier>
    </Filter>
    <Filter Include="Header Files\Adv Textures">
      <UniqueIdentifier>{4e23d7fd-2c38-4675-a939-5669c5dc3545}</UniqueIdentifier>
    </Filter>
    <Filter Include="Source Files\AdvTex">
      <UniqueIdentifier>{4630c039-a80b-4b5d-9b36-c1025971abef}</UniqueIdentifier>
    </Filter>
    <Filter Include="Header Files\Quaternions">
      <UniqueIdentifier>{fc832a72-07a6-434c-a3bb-8340513a83c9}</UniqueIdentifier>
    </Filter>
    <Filter Include="Source Files\Quaternions">
      <UniqueIdentifier>{621d9f1c-a2ce-4690-a1a9-d41a87571197}</UniqueIdentifier>
    </Filter>
    <Filter Include="Header Files\Animation">
      <UniqueIdentifier>{d84e5bc7-989b-47db-be74-2c31586539b2}</UniqueIdentifier>
    </Filter>
    <Filter Include="Source Files\Animation">
      <UniqueIdentifier>{29f6fed1-7449-49a0-acfa-212543fa0f79}</UniqueIdentifier>
    </Filter>
    <Filter Include="Header Files\Particles">
      <UniqueIdentifier>{6f4a049d-c9a8-4880-a948-819fe5a00875}</UniqueIdentifier>
    </Filter>
    <Filter Include="Source Files\Particles">
      <UniqueIdentifier>{658306ef-39ca-4071-96aa-0c90ccda8ca6}</UniqueIdentifier>
    </Filter>
    <Filter Include="Header Files\GPUParticles">
      <UniqueIdentifier>{a7ea15be-4f4a-448b-8580-5e7db4686ef1}</UniqueIdentifier>
    </Filter>
    <Filter Include="Source Files\GPUParticles">
      <UniqueIdentifier>{4af67d85-e073-4d39-bdf0-6d67a61233e7}</UniqueIdentifier>
    </Filter>
    <Filter Include="Header Files\Threading">
      <UniqueIdentifier>{9f80f14a-f00a-4184-b839-278f939b730b}</UniqueIdentifier>
    </Filter>
    <Filter Include="Source Files\Threading">
      <UniqueIdentifier>{594cf1c6-282e-467f-9c0b-421dc7419b7a}</UniqueIdentifier>
    </Filter>
    <Filter Include="Header Files\Render Targets">
      <UniqueIdentifier>{8ba90411-ef2e-4c02-bd2f-390291d5f4fb}</UniqueIdentifier>
    </Filter>
    <Filter Include="Source Files\Render Targets">
      <UniqueIdentifier>{51443157-7e84-4b04-8270-2c635363b957}</UniqueIdentifier>
    </Filter>
    <Filter Include="Header Files\PostProcess">
      <UniqueIdentifier>{a788adbb-9951-49fd-8777-c06dbdcc66b2}</UniqueIdentifier>
    </Filter>
    <Filter Include="Source Files\PostProcess">
      <UniqueIdentifier>{25bf8ac7-616f-481d-9052-4074fba72ca0}</UniqueIdentifier>
    </Filter>
    <Filter Include="Source Files\Shadows">
      <UniqueIdentifier>{cb9cb948-9450-41b2-b273-33a32d2a77d4}</UniqueIdentifier>
    </Filter>
    <Filter Include="Header Files\Shadows">
      <UniqueIdentifier>{9454f7ce-5443-4a6d-90eb-caa0a09a9e94}</UniqueIdentifier>
    </Filter>
    <Filter Include="Header Files\Deferred">
      <UniqueIdentifier>{e8481f96-3f1c-4f0e-94b3-d38657014f8d}</UniqueIdentifier>
    </Filter>
    <Filter Include="Source Files\Deferred">
      <UniqueIdentifier>{1d19738b-5c66-44f0-9827-abdacaabe3d4}</UniqueIdentifier>
    </Filter>
    <Filter Include="Header Files\Procedural">
      <UniqueIdentifier>{321f3087-8d79-4ea9-a946-f6327a0890e1}</UniqueIdentifier>
    </Filter>
    <Filter Include="Source Files\Procedural">
      <UniqueIdentifier>{d21bf80b-38b7-49df-bbff-b803f5ba1b8a}</UniqueIdentifier>
    </Filter>
    <Filter Include="Source Files\Utilities">
      <UniqueIdentifier>{99aa5e60-b279-4e12-9462-56bd313e503b}</UniqueIdentifier>
    </Filter>
    <Filter Include="Header Files\NavMesh">
      <UniqueIdentifier>{1f80e287-8ae6-42e9-8eb0-d3f6495611cc}</UniqueIdentifier>
    </Filter>
    <Filter Include="Source Files\NavMesh">
      <UniqueIdentifier>{721036a2-8c63-4fc7-a94a-5572ad24ef38}</UniqueIdentifier>
    </Filter>
  </ItemGroup>
  <ItemGroup>
    <ClCompile Include="src\main.cpp">
      <Filter>Source Files</Filter>
    </ClCompile>
    <ClCompile Include="src\CamerasAndProjections.cpp">
      <Filter>Source Files\Camera</Filter>
    </ClCompile>
    <ClCompile Include="src\Camera.cpp">
      <Filter>Source Files\Camera</Filter>
    </ClCompile>
    <ClCompile Include="src\FlyCamera.cpp">
      <Filter>Source Files\Camera</Filter>
    </ClCompile>
    <ClCompile Include="src\RenderingGeometry.cpp">
      <Filter>Source Files\Rendering Geometry</Filter>
    </ClCompile>
    <ClCompile Include="src\Lighting.cpp">
      <Filter>Source Files\Lighting</Filter>
    </ClCompile>
    <ClCompile Include="src\AdvTex.cpp">
      <Filter>Source Files\AdvTex</Filter>
    </ClCompile>
    <ClCompile Include="src\Quaternions.cpp">
      <Filter>Source Files\Quaternions</Filter>
    </ClCompile>
    <ClCompile Include="src\Animation.cpp">
      <Filter>Source Files\Animation</Filter>
    </ClCompile>
    <ClCompile Include="src\Particles.cpp">
      <Filter>Source Files\Particles</Filter>
    </ClCompile>
    <ClCompile Include="src\Emitter.cpp">
      <Filter>Source Files\Particles</Filter>
    </ClCompile>
    <ClCompile Include="src\GPUParticles.cpp">
      <Filter>Source Files\GPUParticles</Filter>
    </ClCompile>
    <ClCompile Include="src\GPUEmitter.cpp">
      <Filter>Source Files\GPUParticles</Filter>
    </ClCompile>
    <ClCompile Include="src\Threading.cpp">
      <Filter>Source Files\Threading</Filter>
    </ClCompile>
    <ClCompile Include="src\RenderTargets.cpp">
      <Filter>Source Files\Render Targets</Filter>
    </ClCompile>
    <ClCompile Include="src\PostProcess.cpp">
      <Filter>Source Files\PostProcess</Filter>
    </ClCompile>
    <ClCompile Include="src\Shadows.cpp">
      <Filter>Source Files\Shadows</Filter>
    </ClCompile>
    <ClCompile Include="src\Deferred.cpp">
      <Filter>Source Files\Deferred</Filter>
    </ClCompile>
    <ClCompile Include="src\Procedural.cpp">
      <Filter>Source Files\Procedural</Filter>
    </ClCompile>
    <ClCompile Include="src\Application.cpp">
      <Filter>Source Files\Utilities</Filter>
    </ClCompile>
    <ClCompile Include="src\gl_core_4_4.c">
      <Filter>Source Files\Utilities</Filter>
    </ClCompile>
    <ClCompile Include="src\Gizmos.cpp">
      <Filter>Source Files\Utilities</Filter>
    </ClCompile>
    <ClCompile Include="src\IntroToOpenGL.cpp">
      <Filter>Source Files\Utilities</Filter>
    </ClCompile>
    <ClCompile Include="src\tiny_obj_loader.cc">
      <Filter>Source Files\Utilities</Filter>
    </ClCompile>
    <ClCompile Include="src\Utility.cpp">
      <Filter>Source Files\Utilities</Filter>
    </ClCompile>
    <ClCompile Include="src\NavMesh.cpp">
      <Filter>Source Files\NavMesh</Filter>
    </ClCompile>
  </ItemGroup>
  <ItemGroup>
    <ClInclude Include="src\gl_core_4_4.h">
      <Filter>Header Files</Filter>
    </ClInclude>
    <ClInclude Include="src\Gizmos.h">
      <Filter>Header Files</Filter>
    </ClInclude>
    <ClInclude Include="src\IntroToOpenGL.h">
      <Filter>Header Files</Filter>
    </ClInclude>
    <ClInclude Include="src\Application.h">
      <Filter>Header Files</Filter>
    </ClInclude>
    <ClInclude Include="src\CamerasAndProjections.h">
      <Filter>Header Files\Camera</Filter>
    </ClInclude>
    <ClInclude Include="src\Camera.h">
      <Filter>Header Files\Camera</Filter>
    </ClInclude>
    <ClInclude Include="src\FlyCamera.h">
      <Filter>Header Files\Camera</Filter>
    </ClInclude>
    <ClInclude Include="src\RenderingGeometry.h">
      <Filter>Header Files\Rendering Geometry</Filter>
    </ClInclude>
    <ClInclude Include="src\glm_header.h">
      <Filter>Header Files</Filter>
    </ClInclude>
    <ClInclude Include="src\Utility.h">
      <Filter>Header Files</Filter>
    </ClInclude>
    <ClInclude Include="src\stb_image.h">
      <Filter>Header Files</Filter>
    </ClInclude>
    <ClInclude Include="src\Lighting.h">
      <Filter>Lighting</Filter>
    </ClInclude>
    <ClInclude Include="src\tiny_obj_loader.h">
      <Filter>Header Files</Filter>
    </ClInclude>
    <ClInclude Include="src\AdvTex.h">
      <Filter>Header Files\Adv Textures</Filter>
    </ClInclude>
    <ClInclude Include="src\Vertex.h">
      <Filter>Header Files</Filter>
    </ClInclude>
    <ClInclude Include="src\Quaternions.h">
      <Filter>Header Files\Quaternions</Filter>
    </ClInclude>
    <ClInclude Include="src\Animation.h">
      <Filter>Header Files\Animation</Filter>
    </ClInclude>
    <ClInclude Include="src\Particles.h">
      <Filter>Header Files\Particles</Filter>
    </ClInclude>
    <ClInclude Include="src\Emitter.h">
      <Filter>Header Files\Particles</Filter>
    </ClInclude>
    <ClInclude Include="src\GPUParticles.h">
      <Filter>Header Files\GPUParticles</Filter>
    </ClInclude>
    <ClInclude Include="src\GPUEmitter.h">
      <Filter>Header Files\GPUParticles</Filter>
    </ClInclude>
    <ClInclude Include="src\Threading.h">
      <Filter>Header Files\Threading</Filter>
    </ClInclude>
    <ClInclude Include="src\RenderTargets.h">
      <Filter>Header Files\Render Targets</Filter>
    </ClInclude>
    <ClInclude Include="src\PostProcess.h">
      <Filter>Header Files\PostProcess</Filter>
    </ClInclude>
    <ClInclude Include="src\Shadows.h">
      <Filter>Header Files\Shadows</Filter>
    </ClInclude>
    <ClInclude Include="src\Deferred.h">
      <Filter>Header Files\Deferred</Filter>
    </ClInclude>
    <ClInclude Include="src\Procedural.h">
      <Filter>Header Files\Procedural</Filter>
    </ClInclude>
    <ClInclude Include="src\NavMesh.h">
      <Filter>Header Files\NavMesh</Filter>
    </ClInclude>
  </ItemGroup>
  <ItemGroup>
    <None Include="data\shaders\texture_fragment.glsl">
      <Filter>Resource Files</Filter>
    </None>
    <None Include="data\shaders\textured_vertex.glsl">
      <Filter>Resource Files</Filter>
    </None>
    <None Include="data\shaders\lighting_vertex.glsl">
      <Filter>Resource Files</Filter>
    </None>
    <None Include="data\shaders\lighting_fragment.glsl">
      <Filter>Resource Files</Filter>
    </None>
    <None Include="data\shaders\normal_mapped_fragment.glsl">
      <Filter>Resource Files</Filter>
    </None>
    <None Include="data\shaders\normal_mapped_vertex.glsl">
      <Filter>Resource Files</Filter>
    </None>
    <None Include="data\shaders\skinned_vertex.glsl">
      <Filter>Resource Files</Filter>
    </None>
    <None Include="data\shaders\skinned_fragment.glsl">
      <Filter>Resource Files</Filter>
    </None>
    <None Include="data\shaders\particle_vertex.glsl">
      <Filter>Resource Files</Filter>
    </None>
    <None Include="data\shaders\particle_fragment.glsl">
      <Filter>Resource Files</Filter>
    </None>
    <None Include="data\shaders\gpu_particle_vert.glsl">
      <Filter>Resource Files</Filter>
    </None>
    <None Include="data\shaders\gpu_particle_geom.glsl">
      <Filter>Resource Files</Filter>
    </None>
    <None Include="data\shaders\gpu_particle_frag.glsl">
      <Filter>Resource Files</Filter>
    </None>
    <None Include="data\shaders\particle_update_vert.glsl">
      <Filter>Resource Files</Filter>
    </None>
    <None Include="data\shaders\post_vertex.glsl">
      <Filter>Resource Files</Filter>
    </None>
    <None Include="data\shaders\post_fragment.glsl">
      <Filter>Resource Files</Filter>
    </None>
    <None Include="data\shaders\diffuse_shadow_vertex.glsl">
      <Filter>Resource Files</Filter>
    </None>
    <None Include="data\shaders\diffuse_shadow_fragment.glsl">
      <Filter>Resource Files</Filter>
    </None>
    <None Include="data\shaders\shadowmap_vertex.glsl">
      <Filter>Resource Files</Filter>
    </None>
    <None Include="data\shaders\shadowmap_fragment.glsl">
      <Filter>Resource Files</Filter>
    </None>
    <None Include="data\shaders\gbuffer_vertex.glsl">
      <Filter>Resource Files</Filter>
    </None>
    <None Include="data\shaders\gbuffer_fragment.glsl">
      <Filter>Resource Files</Filter>
    </None>
    <None Include="data\shaders\composite_vertex.glsl">
      <Filter>Resource Files</Filter>
    </None>
    <None Include="data\shaders\composite_fragment.glsl">
      <Filter>Resource Files</Filter>
    </None>
    <None Include="data\shaders\directional_light_fragment.glsl">
      <Filter>Resource Files</Filter>
    </None>
  </ItemGroup>
</Project>